
Microsoft Visual Studio Solution File, Format Version 12.00
# Visual Studio Version 16
VisualStudioVersion = 16.0.30907.101
MinimumVisualStudioVersion = 10.0.40219.1
Project("{FAE04EC0-301F-11D3-BF4B-00C04F79EFBC}") = "AuthIssue.Server", "AuthIssue\Server\AuthIssue.Server.csproj", "{DA20815B-E8ED-4893-BDB3-0A36EED5A571}"
EndProject
Project("{FAE04EC0-301F-11D3-BF4B-00C04F79EFBC}") = "AuthIssue.Client", "AuthIssue\Client\AuthIssue.Client.csproj", "{016BC3A0-02CF-409A-9D09-B1D3E7BEA7C5}"
EndProject
Project("{FAE04EC0-301F-11D3-BF4B-00C04F79EFBC}") = "AuthIssue.Shared", "AuthIssue\Shared\AuthIssue.Shared.csproj", "{405E51CD-2FB4-4953-A840-FA3BD49D7826}"
EndProject
Global
	GlobalSection(SolutionConfigurationPlatforms) = preSolution
		Debug|Any CPU = Debug|Any CPU
		Release|Any CPU = Release|Any CPU
	EndGlobalSection
	GlobalSection(ProjectConfigurationPlatforms) = postSolution
		{DA20815B-E8ED-4893-BDB3-0A36EED5A571}.Debug|Any CPU.ActiveCfg = Debug|Any CPU
		{DA20815B-E8ED-4893-BDB3-0A36EED5A571}.Debug|Any CPU.Build.0 = Debug|Any CPU
		{DA20815B-E8ED-4893-BDB3-0A36EED5A571}.Release|Any CPU.ActiveCfg = Release|Any CPU
		{DA20815B-E8ED-4893-BDB3-0A36EED5A571}.Release|Any CPU.Build.0 = Release|Any CPU
		{016BC3A0-02CF-409A-9D09-B1D3E7BEA7C5}.Debug|Any CPU.ActiveCfg = Debug|Any CPU
		{016BC3A0-02CF-409A-9D09-B1D3E7BEA7C5}.Debug|Any CPU.Build.0 = Debug|Any CPU
		{016BC3A0-02CF-409A-9D09-B1D3E7BEA7C5}.Release|Any CPU.ActiveCfg = Release|Any CPU
		{016BC3A0-02CF-409A-9D09-B1D3E7BEA7C5}.Release|Any CPU.Build.0 = Release|Any CPU
		{405E51CD-2FB4-4953-A840-FA3BD49D7826}.Debug|Any CPU.ActiveCfg = Debug|Any CPU
		{405E51CD-2FB4-4953-A840-FA3BD49D7826}.Debug|Any CPU.Build.0 = Debug|Any CPU
		{405E51CD-2FB4-4953-A840-FA3BD49D7826}.Release|Any CPU.ActiveCfg = Release|Any CPU
		{405E51CD-2FB4-4953-A840-FA3BD49D7826}.Release|Any CPU.Build.0 = Release|Any CPU
	EndGlobalSection
	GlobalSection(SolutionProperties) = preSolution
		HideSolutionNode = FALSE
	EndGlobalSection
	GlobalSection(ExtensibilityGlobals) = postSolution
		SolutionGuid = {174BBBB2-3FA8-4F8C-8C77-67A761A9937E}
	EndGlobalSection
EndGlobal
